
Microsoft Visual Studio Solution File, Format Version 12.00
Project("{FAE04EC0-301F-11D3-BF4B-00C04F79EFBC}") = "Api", "src\Api\Api.csproj", "{E2533537-F89C-40AB-8025-28F6766F1B75}"
EndProject
Project("{FAE04EC0-301F-11D3-BF4B-00C04F79EFBC}") = "Api.Tests", "tests\Api.Tests\Api.Tests.csproj", "{2D2EDD7F-689B-4F31-B5E3-E2C974A78B74}"
EndProject
Project("{2150E333-8FDC-42A3-9474-1A3956D46DE8}") = "Solution Items", "Solution Items", "{8E26025D-BC89-4B67-9C0B-FB9C7AF951A6}"
	ProjectSection(SolutionItems) = preProject
		docker-compose.yml = docker-compose.yml
	EndProjectSection
EndProject
Global
	GlobalSection(SolutionConfigurationPlatforms) = preSolution
		Debug|Any CPU = Debug|Any CPU
		Release|Any CPU = Release|Any CPU
	EndGlobalSection
	GlobalSection(ProjectConfigurationPlatforms) = postSolution
		{E2533537-F89C-40AB-8025-28F6766F1B75}.Debug|Any CPU.ActiveCfg = Debug|Any CPU
		{E2533537-F89C-40AB-8025-28F6766F1B75}.Debug|Any CPU.Build.0 = Debug|Any CPU
		{E2533537-F89C-40AB-8025-28F6766F1B75}.Release|Any CPU.ActiveCfg = Release|Any CPU
		{E2533537-F89C-40AB-8025-28F6766F1B75}.Release|Any CPU.Build.0 = Release|Any CPU
		{2D2EDD7F-689B-4F31-B5E3-E2C974A78B74}.Debug|Any CPU.ActiveCfg = Debug|Any CPU
		{2D2EDD7F-689B-4F31-B5E3-E2C974A78B74}.Debug|Any CPU.Build.0 = Debug|Any CPU
		{2D2EDD7F-689B-4F31-B5E3-E2C974A78B74}.Release|Any CPU.ActiveCfg = Release|Any CPU
		{2D2EDD7F-689B-4F31-B5E3-E2C974A78B74}.Release|Any CPU.Build.0 = Release|Any CPU
	EndGlobalSection
EndGlobal
